
Microsoft Visual Studio Solution File, Format Version 12.00
# Visual Studio 14
VisualStudioVersion = 14.0.23107.0
MinimumVisualStudioVersion = 10.0.40219.1
Project("{FAE04EC0-301F-11D3-BF4B-00C04F79EFBC}") = "TrackingCam.Plugins.PCL", "TrackingCam.Plugins.PCL\TrackingCam.Plugins.PCL.csproj", "{C05149B4-5800-4834-9AC2-0CBD02C334FF}"
EndProject
Global
	GlobalSection(SolutionConfigurationPlatforms) = preSolution
		Debug|Any CPU = Debug|Any CPU
		Release|Any CPU = Release|Any CPU
	EndGlobalSection
	GlobalSection(ProjectConfigurationPlatforms) = postSolution
		{C05149B4-5800-4834-9AC2-0CBD02C334FF}.Debug|Any CPU.ActiveCfg = Debug|Any CPU
		{C05149B4-5800-4834-9AC2-0CBD02C334FF}.Debug|Any CPU.Build.0 = Debug|Any CPU
		{C05149B4-5800-4834-9AC2-0CBD02C334FF}.Release|Any CPU.ActiveCfg = Release|Any CPU
		{C05149B4-5800-4834-9AC2-0CBD02C334FF}.Release|Any CPU.Build.0 = Release|Any CPU
	EndGlobalSection
	GlobalSection(SolutionProperties) = preSolution
		HideSolutionNode = FALSE
	EndGlobalSection
EndGlobal
